
Microsoft Visual Studio Solution File, Format Version 12.00
# Visual Studio Version 17
VisualStudioVersion = 17.2.32505.173
MinimumVisualStudioVersion = 10.0.40219.1
Project("{9A19103F-16F7-4668-BE54-9A1E7A4F7556}") = "Natuki", "Natuki\Natuki.csproj", "{18DF583D-F1A2-45B1-AA8E-B47A85A1EED2}"
EndProject
Project("{9A19103F-16F7-4668-BE54-9A1E7A4F7556}") = "NatukiLib", "NatukiLib\NatukiLib.csproj", "{2462BA11-F81B-4351-B6F9-7674FFB703FA}"
EndProject
Global
	GlobalSection(SolutionConfigurationPlatforms) = preSolution
		Debug|Any CPU = Debug|Any CPU
		Release|Any CPU = Release|Any CPU
	EndGlobalSection
	GlobalSection(ProjectConfigurationPlatforms) = postSolution
		{18DF583D-F1A2-45B1-AA8E-B47A85A1EED2}.Debug|Any CPU.ActiveCfg = Debug|Any CPU
		{18DF583D-F1A2-45B1-AA8E-B47A85A1EED2}.Debug|Any CPU.Build.0 = Debug|Any CPU
		{18DF583D-F1A2-45B1-AA8E-B47A85A1EED2}.Release|Any CPU.ActiveCfg = Release|Any CPU
		{18DF583D-F1A2-45B1-AA8E-B47A85A1EED2}.Release|Any CPU.Build.0 = Release|Any CPU
		{2462BA11-F81B-4351-B6F9-7674FFB703FA}.Debug|Any CPU.ActiveCfg = Debug|Any CPU
		{2462BA11-F81B-4351-B6F9-7674FFB703FA}.Debug|Any CPU.Build.0 = Debug|Any CPU
		{2462BA11-F81B-4351-B6F9-7674FFB703FA}.Release|Any CPU.ActiveCfg = Release|Any CPU
		{2462BA11-F81B-4351-B6F9-7674FFB703FA}.Release|Any CPU.Build.0 = Release|Any CPU
	EndGlobalSection
	GlobalSection(SolutionProperties) = preSolution
		HideSolutionNode = FALSE
	EndGlobalSection
	GlobalSection(ExtensibilityGlobals) = postSolution
		SolutionGuid = {75C11374-565B-498A-8070-A9305377392F}
	EndGlobalSection
EndGlobal
